
Microsoft Visual Studio Solution File, Format Version 12.00
# Visual Studio Version 17
VisualStudioVersion = 17.5.33516.290
MinimumVisualStudioVersion = 10.0.40219.1
Project("{9A19103F-16F7-4668-BE54-9A1E7A4F7556}") = "FirstApp", "FirstApp\FirstApp.csproj", "{E7F8B367-08B3-4E36-90C6-D2843C29A626}"
EndProject
Project("{9A19103F-16F7-4668-BE54-9A1E7A4F7556}") = "Semaphore 3.4.3", "Semaphore 3.4.3\Semaphore 3.4.3.csproj", "{06F46520-751D-4CE0-A9BF-0FD7EA101D07}"
EndProject
Project("{9A19103F-16F7-4668-BE54-9A1E7A4F7556}") = "UserSurvey", "UserSurvey\UserSurvey.csproj", "{9BEBB0E7-EB64-4B40-9C59-ABC8846B2017}"
EndProject
Project("{9A19103F-16F7-4668-BE54-9A1E7A4F7556}") = "Color", "Color\Color.csproj", "{BCB13281-94EC-494E-B716-B98FF7000EE2}"
EndProject
Project("{FAE04EC0-301F-11D3-BF4B-00C04F79EFBC}") = "Рекурсивные функции 5.5.3", "Рекурсивные функции 5.5.3\Рекурсивные функции 5.5.3.csproj", "{3D883E45-DF84-46F3-A19B-CBC3DD8A3399}"
EndProject
Global
	GlobalSection(SolutionConfigurationPlatforms) = preSolution
		Debug|Any CPU = Debug|Any CPU
		Release|Any CPU = Release|Any CPU
	EndGlobalSection
	GlobalSection(ProjectConfigurationPlatforms) = postSolution
		{E7F8B367-08B3-4E36-90C6-D2843C29A626}.Debug|Any CPU.ActiveCfg = Debug|Any CPU
		{E7F8B367-08B3-4E36-90C6-D2843C29A626}.Debug|Any CPU.Build.0 = Debug|Any CPU
		{E7F8B367-08B3-4E36-90C6-D2843C29A626}.Release|Any CPU.ActiveCfg = Release|Any CPU
		{E7F8B367-08B3-4E36-90C6-D2843C29A626}.Release|Any CPU.Build.0 = Release|Any CPU
		{06F46520-751D-4CE0-A9BF-0FD7EA101D07}.Debug|Any CPU.ActiveCfg = Debug|Any CPU
		{06F46520-751D-4CE0-A9BF-0FD7EA101D07}.Debug|Any CPU.Build.0 = Debug|Any CPU
		{06F46520-751D-4CE0-A9BF-0FD7EA101D07}.Release|Any CPU.ActiveCfg = Release|Any CPU
		{06F46520-751D-4CE0-A9BF-0FD7EA101D07}.Release|Any CPU.Build.0 = Release|Any CPU
		{9BEBB0E7-EB64-4B40-9C59-ABC8846B2017}.Debug|Any CPU.ActiveCfg = Debug|Any CPU
		{9BEBB0E7-EB64-4B40-9C59-ABC8846B2017}.Debug|Any CPU.Build.0 = Debug|Any CPU
		{9BEBB0E7-EB64-4B40-9C59-ABC8846B2017}.Release|Any CPU.ActiveCfg = Release|Any CPU
		{9BEBB0E7-EB64-4B40-9C59-ABC8846B2017}.Release|Any CPU.Build.0 = Release|Any CPU
		{BCB13281-94EC-494E-B716-B98FF7000EE2}.Debug|Any CPU.ActiveCfg = Debug|Any CPU
		{BCB13281-94EC-494E-B716-B98FF7000EE2}.Debug|Any CPU.Build.0 = Debug|Any CPU
		{BCB13281-94EC-494E-B716-B98FF7000EE2}.Release|Any CPU.ActiveCfg = Release|Any CPU
		{BCB13281-94EC-494E-B716-B98FF7000EE2}.Release|Any CPU.Build.0 = Release|Any CPU
		{3D883E45-DF84-46F3-A19B-CBC3DD8A3399}.Debug|Any CPU.ActiveCfg = Debug|Any CPU
		{3D883E45-DF84-46F3-A19B-CBC3DD8A3399}.Debug|Any CPU.Build.0 = Debug|Any CPU
		{3D883E45-DF84-46F3-A19B-CBC3DD8A3399}.Release|Any CPU.ActiveCfg = Release|Any CPU
		{3D883E45-DF84-46F3-A19B-CBC3DD8A3399}.Release|Any CPU.Build.0 = Release|Any CPU
	EndGlobalSection
	GlobalSection(SolutionProperties) = preSolution
		HideSolutionNode = FALSE
	EndGlobalSection
	GlobalSection(ExtensibilityGlobals) = postSolution
		SolutionGuid = {E743F198-A6CD-421B-B148-71F9C867F60F}
	EndGlobalSection
EndGlobal
